{
  "name": "chrome-tab-mute",
  "version": "1.3.0",
  "lockfileVersion": 1,
  "requires": true,
  "dependencies": {
    "jszip": {
      "version": "2.5.0",
      "resolved": "https://registry.npmjs.org/jszip/-/jszip-2.5.0.tgz",
      "integrity": "sha1-dET9hVHd8+XacZj+oMkbyDCMwnQ=",
      "requires": {
        "pako": "~0.2.5"
      }
    },
    "node-zip": {
      "version": "1.1.1",
      "resolved": "https://registry.npmjs.org/node-zip/-/node-zip-1.1.1.tgz",
      "integrity": "sha1-lNGtZ0o81GoViN1zb0qaeMdX62I=",
      "requires": {
        "jszip": "2.5.0"
      }
    },
    "pako": {
      "version": "0.2.9",
      "resolved": "https://registry.npmjs.org/pako/-/pako-0.2.9.tgz",
      "integrity": "sha1-8/dSL073gjSNqBYbrZ7P1Rv4OnU="
    }
  }
}
